// !$*UTF8*$!
{
	archiveVersion = 1;
	classes = {
	};
	objectVersion = 46;
	objects = {

/* Begin PBXBuildFile section */
		8CDF4DAC1915DE45008AF646 /* get-invited-button@2x.png in Resources */ = {isa = PBXBuildFile; fileRef = 8CDF4DAB1915DE45008AF646 /* get-invited-button@2x.png */; };
		8CDF4DB01915F21B008AF646 /* UIImage+animatedGIF.m in Sources */ = {isa = PBXBuildFile; fileRef = 8CDF4DAE1915E753008AF646 /* UIImage+animatedGIF.m */; };
		8CDF4DB11915F225008AF646 /* MerchantViewController.m in Sources */ = {isa = PBXBuildFile; fileRef = B0733780191596F3006FBFB9 /* MerchantViewController.m */; };
		8CDF4DB21915F232008AF646 /* IncomingRequest.m in Sources */ = {isa = PBXBuildFile; fileRef = B07337771915896B006FBFB9 /* IncomingRequest.m */; };
		8CDF4DB31915F232008AF646 /* Meal.m in Sources */ = {isa = PBXBuildFile; fileRef = B073377A19158E89006FBFB9 /* Meal.m */; };
		8CDF4DB41915FADC008AF646 /* Connection.m in Sources */ = {isa = PBXBuildFile; fileRef = B0C8B9D11915BFF200F1C592 /* Connection.m */; };
		8CDF4DB51915FB10008AF646 /* american-button@2x.png in Resources */ = {isa = PBXBuildFile; fileRef = 8CF7BFF91915D7490058F100 /* american-button@2x.png */; };
		8CDF4DB61915FB10008AF646 /* blue slider bar@2x.png in Resources */ = {isa = PBXBuildFile; fileRef = 8CF7BFFA1915D7490058F100 /* blue slider bar@2x.png */; };
		8CDF4DB71915FB10008AF646 /* blue-doubleslider@2x.png in Resources */ = {isa = PBXBuildFile; fileRef = 8CF7BFFB1915D7490058F100 /* blue-doubleslider@2x.png */; };
		8CDF4DB81915FB10008AF646 /* circle-radius@2x.png in Resources */ = {isa = PBXBuildFile; fileRef = 8CF7BFFC1915D7490058F100 /* circle-radius@2x.png */; };
		8CDF4DB91915FB10008AF646 /* double-slider-controller@2x.png in Resources */ = {isa = PBXBuildFile; fileRef = 8CF7BFFD1915D7490058F100 /* double-slider-controller@2x.png */; };
		8CDF4DBA1915FB10008AF646 /* grey bar@2x.png in Resources */ = {isa = PBXBuildFile; fileRef = 8CF7BFFE1915D7490058F100 /* grey bar@2x.png */; };
		8CDF4DBB1915FB10008AF646 /* grey-cuisine-background@2x.png in Resources */ = {isa = PBXBuildFile; fileRef = 8CF7BFFF1915D7490058F100 /* grey-cuisine-background@2x.png */; };
		8CDF4DBC1915FB10008AF646 /* greybackground-doubleslider@2x.png in Resources */ = {isa = PBXBuildFile; fileRef = 8CF7C0001915D7490058F100 /* greybackground-doubleslider@2x.png */; };
		8CDF4DBD1915FB10008AF646 /* japanese-button@2x.png in Resources */ = {isa = PBXBuildFile; fileRef = 8CF7C0011915D7490058F100 /* japanese-button@2x.png */; };
		8CDF4DBE1915FB10008AF646 /* large-grey-bckrnd@2x.png in Resources */ = {isa = PBXBuildFile; fileRef = 8CF7C0021915D7490058F100 /* large-grey-bckrnd@2x.png */; };
		8CDF4DBF1915FB10008AF646 /* request-dinner-invitations-header@2x.png in Resources */ = {isa = PBXBuildFile; fileRef = 8CF7C0031915D7490058F100 /* request-dinner-invitations-header@2x.png */; };
		8CDF4DC01915FB10008AF646 /* seafood-button@2x.png in Resources */ = {isa = PBXBuildFile; fileRef = 8CF7C0041915D7490058F100 /* seafood-button@2x.png */; };
		8CDF4DC11915FB10008AF646 /* tooltip-image@2x.png in Resources */ = {isa = PBXBuildFile; fileRef = 8CF7C0051915D7490058F100 /* tooltip-image@2x.png */; };
		8CDF4DC21915FB10008AF646 /* wine@2x.png in Resources */ = {isa = PBXBuildFile; fileRef = 8CF7C0061915D7490058F100 /* wine@2x.png */; };
		8CDF4DC31915FB68008AF646 /* MapKit.framework in Frameworks */ = {isa = PBXBuildFile; fileRef = 8CF7BFBF1915A14D0058F100 /* MapKit.framework */; };
		8CF7BF7D191584F50058F100 /* Foundation.framework in Frameworks */ = {isa = PBXBuildFile; fileRef = 8CF7BF7C191584F50058F100 /* Foundation.framework */; };
		8CF7BF7F191584F50058F100 /* CoreGraphics.framework in Frameworks */ = {isa = PBXBuildFile; fileRef = 8CF7BF7E191584F50058F100 /* CoreGraphics.framework */; };
		8CF7BF81191584F50058F100 /* UIKit.framework in Frameworks */ = {isa = PBXBuildFile; fileRef = 8CF7BF80191584F50058F100 /* UIKit.framework */; };
		8CF7BF87191584F50058F100 /* InfoPlist.strings in Resources */ = {isa = PBXBuildFile; fileRef = 8CF7BF85191584F50058F100 /* InfoPlist.strings */; };
		8CF7BF89191584F50058F100 /* main.m in Sources */ = {isa = PBXBuildFile; fileRef = 8CF7BF88191584F50058F100 /* main.m */; };
		8CF7BF8D191584F50058F100 /* AppDelegate.m in Sources */ = {isa = PBXBuildFile; fileRef = 8CF7BF8C191584F50058F100 /* AppDelegate.m */; };
		8CF7BF90191584F50058F100 /* Main.storyboard in Resources */ = {isa = PBXBuildFile; fileRef = 8CF7BF8E191584F50058F100 /* Main.storyboard */; };
		8CF7BF93191584F50058F100 /* MasterViewController.m in Sources */ = {isa = PBXBuildFile; fileRef = 8CF7BF92191584F50058F100 /* MasterViewController.m */; };
		8CF7BF96191584F50058F100 /* DetailViewController.m in Sources */ = {isa = PBXBuildFile; fileRef = 8CF7BF95191584F50058F100 /* DetailViewController.m */; };
		8CF7BF98191584F50058F100 /* Images.xcassets in Resources */ = {isa = PBXBuildFile; fileRef = 8CF7BF97191584F50058F100 /* Images.xcassets */; };
		8CF7BF9F191584F50058F100 /* XCTest.framework in Frameworks */ = {isa = PBXBuildFile; fileRef = 8CF7BF9E191584F50058F100 /* XCTest.framework */; };
		8CF7BFA0191584F50058F100 /* Foundation.framework in Frameworks */ = {isa = PBXBuildFile; fileRef = 8CF7BF7C191584F50058F100 /* Foundation.framework */; };
		8CF7BFA1191584F50058F100 /* UIKit.framework in Frameworks */ = {isa = PBXBuildFile; fileRef = 8CF7BF80191584F50058F100 /* UIKit.framework */; };
		8CF7BFA9191584F50058F100 /* InfoPlist.strings in Resources */ = {isa = PBXBuildFile; fileRef = 8CF7BFA7191584F50058F100 /* InfoPlist.strings */; };
		8CF7BFAB191584F50058F100 /* DisruptNYCTests.m in Sources */ = {isa = PBXBuildFile; fileRef = 8CF7BFAA191584F50058F100 /* DisruptNYCTests.m */; };
		8CF7BFB61915879E0058F100 /* MerchantBidCell.m in Sources */ = {isa = PBXBuildFile; fileRef = 8CF7BFB51915879E0058F100 /* MerchantBidCell.m */; };
		B073378619159F87006FBFB9 /* Merchant.m in Sources */ = {isa = PBXBuildFile; fileRef = B073378519159F87006FBFB9 /* Merchant.m */; };
		B07337881915BBEC006FBFB9 /* RequestForOfferViewController.m in Sources */ = {isa = PBXBuildFile; fileRef = 8CF7BFC21915A2330058F100 /* RequestForOfferViewController.m */; };
		B07337891915BC0B006FBFB9 /* Meal.m in Sources */ = {isa = PBXBuildFile; fileRef = B073377A19158E89006FBFB9 /* Meal.m */; };
		B073378A1915BC0B006FBFB9 /* OutgoingOffer.m in Sources */ = {isa = PBXBuildFile; fileRef = B073377D19159242006FBFB9 /* OutgoingOffer.m */; };
		B073378B1915C6B3006FBFB9 /* MerchantViewController.m in Sources */ = {isa = PBXBuildFile; fileRef = B0733780191596F3006FBFB9 /* MerchantViewController.m */; };
		B073378C1915C6B3006FBFB9 /* IncomingRequest.m in Sources */ = {isa = PBXBuildFile; fileRef = B07337771915896B006FBFB9 /* IncomingRequest.m */; };
		B073379B1915ECA9006FBFB9 /* MealTableViewCell.m in Sources */ = {isa = PBXBuildFile; fileRef = B07337991915ECA9006FBFB9 /* MealTableViewCell.m */; };
		B073379C1915ECA9006FBFB9 /* MealTableViewCell.xib in Resources */ = {isa = PBXBuildFile; fileRef = B073379A1915ECA9006FBFB9 /* MealTableViewCell.xib */; };
		B07337A61915F976006FBFB9 /* Cell1.xib in Resources */ = {isa = PBXBuildFile; fileRef = B07337A01915F976006FBFB9 /* Cell1.xib */; };
		B07337A71915F976006FBFB9 /* Cell1.m in Sources */ = {isa = PBXBuildFile; fileRef = B07337A21915F976006FBFB9 /* Cell1.m */; };
		B07337A81915F976006FBFB9 /* MerchantView~iphone.xib in Resources */ = {isa = PBXBuildFile; fileRef = B07337A31915F976006FBFB9 /* MerchantView~iphone.xib */; };
		B07337A91915F976006FBFB9 /* CellOwner.m in Sources */ = {isa = PBXBuildFile; fileRef = B07337A41915F976006FBFB9 /* CellOwner.m */; };
/* End PBXBuildFile section */

/* Begin PBXContainerItemProxy section */
		8CF7BFA2191584F50058F100 /* PBXContainerItemProxy */ = {
			isa = PBXContainerItemProxy;
			containerPortal = 8CF7BF71191584F50058F100 /* Project object */;
			proxyType = 1;
			remoteGlobalIDString = 8CF7BF78191584F50058F100;
			remoteInfo = DisruptNYC;
		};
/* End PBXContainerItemProxy section */

/* Begin PBXFileReference section */
		8CDF4DAB1915DE45008AF646 /* get-invited-button@2x.png */ = {isa = PBXFileReference; lastKnownFileType = image.png; path = "get-invited-button@2x.png"; sourceTree = "<group>"; };
		8CDF4DAD1915E753008AF646 /* UIImage+animatedGIF.h */ = {isa = PBXFileReference; fileEncoding = 4; lastKnownFileType = sourcecode.c.h; path = "UIImage+animatedGIF.h"; sourceTree = "<group>"; };
		8CDF4DAE1915E753008AF646 /* UIImage+animatedGIF.m */ = {isa = PBXFileReference; fileEncoding = 4; lastKnownFileType = sourcecode.c.objc; path = "UIImage+animatedGIF.m"; sourceTree = "<group>"; };
		8CF7BF79191584F50058F100 /* DisruptNYC.app */ = {isa = PBXFileReference; explicitFileType = wrapper.application; includeInIndex = 0; path = DisruptNYC.app; sourceTree = BUILT_PRODUCTS_DIR; };
		8CF7BF7C191584F50058F100 /* Foundation.framework */ = {isa = PBXFileReference; lastKnownFileType = wrapper.framework; name = Foundation.framework; path = System/Library/Frameworks/Foundation.framework; sourceTree = SDKROOT; };
		8CF7BF7E191584F50058F100 /* CoreGraphics.framework */ = {isa = PBXFileReference; lastKnownFileType = wrapper.framework; name = CoreGraphics.framework; path = System/Library/Frameworks/CoreGraphics.framework; sourceTree = SDKROOT; };
		8CF7BF80191584F50058F100 /* UIKit.framework */ = {isa = PBXFileReference; lastKnownFileType = wrapper.framework; name = UIKit.framework; path = System/Library/Frameworks/UIKit.framework; sourceTree = SDKROOT; };
		8CF7BF84191584F50058F100 /* DisruptNYC-Info.plist */ = {isa = PBXFileReference; lastKnownFileType = text.plist.xml; path = "DisruptNYC-Info.plist"; sourceTree = "<group>"; };
		8CF7BF86191584F50058F100 /* en */ = {isa = PBXFileReference; lastKnownFileType = text.plist.strings; name = en; path = en.lproj/InfoPlist.strings; sourceTree = "<group>"; };
		8CF7BF88191584F50058F100 /* main.m */ = {isa = PBXFileReference; lastKnownFileType = sourcecode.c.objc; path = main.m; sourceTree = "<group>"; };
		8CF7BF8A191584F50058F100 /* DisruptNYC-Prefix.pch */ = {isa = PBXFileReference; lastKnownFileType = sourcecode.c.h; path = "DisruptNYC-Prefix.pch"; sourceTree = "<group>"; };
		8CF7BF8B191584F50058F100 /* AppDelegate.h */ = {isa = PBXFileReference; lastKnownFileType = sourcecode.c.h; path = AppDelegate.h; sourceTree = "<group>"; };
		8CF7BF8C191584F50058F100 /* AppDelegate.m */ = {isa = PBXFileReference; lastKnownFileType = sourcecode.c.objc; path = AppDelegate.m; sourceTree = "<group>"; };
		8CF7BF8F191584F50058F100 /* Base */ = {isa = PBXFileReference; lastKnownFileType = file.storyboard; name = Base; path = Base.lproj/Main.storyboard; sourceTree = "<group>"; };
		8CF7BF91191584F50058F100 /* MasterViewController.h */ = {isa = PBXFileReference; lastKnownFileType = sourcecode.c.h; path = MasterViewController.h; sourceTree = "<group>"; };
		8CF7BF92191584F50058F100 /* MasterViewController.m */ = {isa = PBXFileReference; lastKnownFileType = sourcecode.c.objc; path = MasterViewController.m; sourceTree = "<group>"; };
		8CF7BF94191584F50058F100 /* DetailViewController.h */ = {isa = PBXFileReference; lastKnownFileType = sourcecode.c.h; path = DetailViewController.h; sourceTree = "<group>"; };
		8CF7BF95191584F50058F100 /* DetailViewController.m */ = {isa = PBXFileReference; lastKnownFileType = sourcecode.c.objc; path = DetailViewController.m; sourceTree = "<group>"; };
		8CF7BF97191584F50058F100 /* Images.xcassets */ = {isa = PBXFileReference; lastKnownFileType = folder.assetcatalog; path = Images.xcassets; sourceTree = "<group>"; };
		8CF7BF9D191584F50058F100 /* DisruptNYCTests.xctest */ = {isa = PBXFileReference; explicitFileType = wrapper.cfbundle; includeInIndex = 0; path = DisruptNYCTests.xctest; sourceTree = BUILT_PRODUCTS_DIR; };
		8CF7BF9E191584F50058F100 /* XCTest.framework */ = {isa = PBXFileReference; lastKnownFileType = wrapper.framework; name = XCTest.framework; path = Library/Frameworks/XCTest.framework; sourceTree = DEVELOPER_DIR; };
		8CF7BFA6191584F50058F100 /* DisruptNYCTests-Info.plist */ = {isa = PBXFileReference; lastKnownFileType = text.plist.xml; path = "DisruptNYCTests-Info.plist"; sourceTree = "<group>"; };
		8CF7BFA8191584F50058F100 /* en */ = {isa = PBXFileReference; lastKnownFileType = text.plist.strings; name = en; path = en.lproj/InfoPlist.strings; sourceTree = "<group>"; };
		8CF7BFAA191584F50058F100 /* DisruptNYCTests.m */ = {isa = PBXFileReference; lastKnownFileType = sourcecode.c.objc; path = DisruptNYCTests.m; sourceTree = "<group>"; };
		8CF7BFB41915879E0058F100 /* MerchantBidCell.h */ = {isa = PBXFileReference; fileEncoding = 4; lastKnownFileType = sourcecode.c.h; path = MerchantBidCell.h; sourceTree = "<group>"; };
		8CF7BFB51915879E0058F100 /* MerchantBidCell.m */ = {isa = PBXFileReference; fileEncoding = 4; lastKnownFileType = sourcecode.c.objc; path = MerchantBidCell.m; sourceTree = "<group>"; };
		8CF7BFBF1915A14D0058F100 /* MapKit.framework */ = {isa = PBXFileReference; lastKnownFileType = wrapper.framework; name = MapKit.framework; path = System/Library/Frameworks/MapKit.framework; sourceTree = SDKROOT; };
		8CF7BFC11915A2330058F100 /* RequestForOfferViewController.h */ = {isa = PBXFileReference; fileEncoding = 4; lastKnownFileType = sourcecode.c.h; path = RequestForOfferViewController.h; sourceTree = "<group>"; };
		8CF7BFC21915A2330058F100 /* RequestForOfferViewController.m */ = {isa = PBXFileReference; fileEncoding = 4; lastKnownFileType = sourcecode.c.objc; path = RequestForOfferViewController.m; sourceTree = "<group>"; };
		8CF7BFD71915CBDC0058F100 /* QuartzCore.framework */ = {isa = PBXFileReference; lastKnownFileType = wrapper.framework; name = QuartzCore.framework; path = System/Library/Frameworks/QuartzCore.framework; sourceTree = SDKROOT; };
		8CF7BFF91915D7490058F100 /* american-button@2x.png */ = {isa = PBXFileReference; lastKnownFileType = image.png; path = "american-button@2x.png"; sourceTree = "<group>"; };
		8CF7BFFA1915D7490058F100 /* blue slider bar@2x.png */ = {isa = PBXFileReference; lastKnownFileType = image.png; path = "blue slider bar@2x.png"; sourceTree = "<group>"; };
		8CF7BFFB1915D7490058F100 /* blue-doubleslider@2x.png */ = {isa = PBXFileReference; lastKnownFileType = image.png; path = "blue-doubleslider@2x.png"; sourceTree = "<group>"; };
		8CF7BFFC1915D7490058F100 /* circle-radius@2x.png */ = {isa = PBXFileReference; lastKnownFileType = image.png; path = "circle-radius@2x.png"; sourceTree = "<group>"; };
		8CF7BFFD1915D7490058F100 /* double-slider-controller@2x.png */ = {isa = PBXFileReference; lastKnownFileType = image.png; path = "double-slider-controller@2x.png"; sourceTree = "<group>"; };
		8CF7BFFE1915D7490058F100 /* grey bar@2x.png */ = {isa = PBXFileReference; lastKnownFileType = image.png; path = "grey bar@2x.png"; sourceTree = "<group>"; };
		8CF7BFFF1915D7490058F100 /* grey-cuisine-background@2x.png */ = {isa = PBXFileReference; lastKnownFileType = image.png; path = "grey-cuisine-background@2x.png"; sourceTree = "<group>"; };
		8CF7C0001915D7490058F100 /* greybackground-doubleslider@2x.png */ = {isa = PBXFileReference; lastKnownFileType = image.png; path = "greybackground-doubleslider@2x.png"; sourceTree = "<group>"; };
		8CF7C0011915D7490058F100 /* japanese-button@2x.png */ = {isa = PBXFileReference; lastKnownFileType = image.png; path = "japanese-button@2x.png"; sourceTree = "<group>"; };
		8CF7C0021915D7490058F100 /* large-grey-bckrnd@2x.png */ = {isa = PBXFileReference; lastKnownFileType = image.png; path = "large-grey-bckrnd@2x.png"; sourceTree = "<group>"; };
		8CF7C0031915D7490058F100 /* request-dinner-invitations-header@2x.png */ = {isa = PBXFileReference; lastKnownFileType = image.png; path = "request-dinner-invitations-header@2x.png"; sourceTree = "<group>"; };
		8CF7C0041915D7490058F100 /* seafood-button@2x.png */ = {isa = PBXFileReference; lastKnownFileType = image.png; path = "seafood-button@2x.png"; sourceTree = "<group>"; };
		8CF7C0051915D7490058F100 /* tooltip-image@2x.png */ = {isa = PBXFileReference; lastKnownFileType = image.png; path = "tooltip-image@2x.png"; sourceTree = "<group>"; };
		8CF7C0061915D7490058F100 /* wine@2x.png */ = {isa = PBXFileReference; lastKnownFileType = image.png; path = "wine@2x.png"; sourceTree = "<group>"; };
		B07337761915896B006FBFB9 /* IncomingRequest.h */ = {isa = PBXFileReference; fileEncoding = 4; lastKnownFileType = sourcecode.c.h; path = IncomingRequest.h; sourceTree = "<group>"; };
		B07337771915896B006FBFB9 /* IncomingRequest.m */ = {isa = PBXFileReference; fileEncoding = 4; lastKnownFileType = sourcecode.c.objc; path = IncomingRequest.m; sourceTree = "<group>"; };
		B073377919158E89006FBFB9 /* Meal.h */ = {isa = PBXFileReference; fileEncoding = 4; lastKnownFileType = sourcecode.c.h; path = Meal.h; sourceTree = "<group>"; };
		B073377A19158E89006FBFB9 /* Meal.m */ = {isa = PBXFileReference; fileEncoding = 4; lastKnownFileType = sourcecode.c.objc; path = Meal.m; sourceTree = "<group>"; };
		B073377C19159242006FBFB9 /* OutgoingOffer.h */ = {isa = PBXFileReference; fileEncoding = 4; lastKnownFileType = sourcecode.c.h; path = OutgoingOffer.h; sourceTree = "<group>"; };
		B073377D19159242006FBFB9 /* OutgoingOffer.m */ = {isa = PBXFileReference; fileEncoding = 4; lastKnownFileType = sourcecode.c.objc; path = OutgoingOffer.m; sourceTree = "<group>"; };
		B073377F191596F3006FBFB9 /* MerchantViewController.h */ = {isa = PBXFileReference; fileEncoding = 4; lastKnownFileType = sourcecode.c.h; path = MerchantViewController.h; sourceTree = "<group>"; };
		B0733780191596F3006FBFB9 /* MerchantViewController.m */ = {isa = PBXFileReference; fileEncoding = 4; lastKnownFileType = sourcecode.c.objc; path = MerchantViewController.m; sourceTree = "<group>"; };
		B0733781191596F3006FBFB9 /* MerchantView~ipad.xib */ = {isa = PBXFileReference; fileEncoding = 4; lastKnownFileType = file.xib; path = "MerchantView~ipad.xib"; sourceTree = "<group>"; };
		B073378419159F87006FBFB9 /* Merchant.h */ = {isa = PBXFileReference; fileEncoding = 4; lastKnownFileType = sourcecode.c.h; path = Merchant.h; sourceTree = "<group>"; };
		B073378519159F87006FBFB9 /* Merchant.m */ = {isa = PBXFileReference; fileEncoding = 4; lastKnownFileType = sourcecode.c.objc; path = Merchant.m; sourceTree = "<group>"; };
		B07337981915ECA9006FBFB9 /* MealTableViewCell.h */ = {isa = PBXFileReference; fileEncoding = 4; lastKnownFileType = sourcecode.c.h; path = MealTableViewCell.h; sourceTree = "<group>"; };
		B07337991915ECA9006FBFB9 /* MealTableViewCell.m */ = {isa = PBXFileReference; fileEncoding = 4; lastKnownFileType = sourcecode.c.objc; path = MealTableViewCell.m; sourceTree = "<group>"; };
		B073379A1915ECA9006FBFB9 /* MealTableViewCell.xib */ = {isa = PBXFileReference; fileEncoding = 4; lastKnownFileType = file.xib; path = MealTableViewCell.xib; sourceTree = "<group>"; };
		B07337A01915F976006FBFB9 /* Cell1.xib */ = {isa = PBXFileReference; fileEncoding = 4; lastKnownFileType = file.xib; path = Cell1.xib; sourceTree = "<group>"; };
		B07337A11915F976006FBFB9 /* Cell1.h */ = {isa = PBXFileReference; fileEncoding = 4; lastKnownFileType = sourcecode.c.h; path = Cell1.h; sourceTree = "<group>"; };
		B07337A21915F976006FBFB9 /* Cell1.m */ = {isa = PBXFileReference; fileEncoding = 4; lastKnownFileType = sourcecode.c.objc; path = Cell1.m; sourceTree = "<group>"; };
		B07337A31915F976006FBFB9 /* MerchantView~iphone.xib */ = {isa = PBXFileReference; fileEncoding = 4; lastKnownFileType = file.xib; path = "MerchantView~iphone.xib"; sourceTree = "<group>"; };
		B07337A41915F976006FBFB9 /* CellOwner.m */ = {isa = PBXFileReference; fileEncoding = 4; lastKnownFileType = sourcecode.c.objc; path = CellOwner.m; sourceTree = "<group>"; };
		B07337A51915F976006FBFB9 /* CellOwner.h */ = {isa = PBXFileReference; fileEncoding = 4; lastKnownFileType = sourcecode.c.h; path = CellOwner.h; sourceTree = "<group>"; };
		B0C8B9D01915BFF200F1C592 /* Connection.h */ = {isa = PBXFileReference; fileEncoding = 4; lastKnownFileType = sourcecode.c.h; path = Connection.h; sourceTree = "<group>"; };
		B0C8B9D11915BFF200F1C592 /* Connection.m */ = {isa = PBXFileReference; fileEncoding = 4; lastKnownFileType = sourcecode.c.objc; path = Connection.m; sourceTree = "<group>"; };
/* End PBXFileReference section */

/* Begin PBXFrameworksBuildPhase section */
		8CF7BF76191584F50058F100 /* Frameworks */ = {
			isa = PBXFrameworksBuildPhase;
			buildActionMask = 2147483647;
			files = (
				8CDF4DC31915FB68008AF646 /* MapKit.framework in Frameworks */,
				8CF7BF7F191584F50058F100 /* CoreGraphics.framework in Frameworks */,
				8CF7BF81191584F50058F100 /* UIKit.framework in Frameworks */,
				8CF7BF7D191584F50058F100 /* Foundation.framework in Frameworks */,
			);
			runOnlyForDeploymentPostprocessing = 0;
		};
		8CF7BF9A191584F50058F100 /* Frameworks */ = {
			isa = PBXFrameworksBuildPhase;
			buildActionMask = 2147483647;
			files = (
				8CF7BF9F191584F50058F100 /* XCTest.framework in Frameworks */,
				8CF7BFA1191584F50058F100 /* UIKit.framework in Frameworks */,
				8CF7BFA0191584F50058F100 /* Foundation.framework in Frameworks */,
			);
			runOnlyForDeploymentPostprocessing = 0;
		};
/* End PBXFrameworksBuildPhase section */

/* Begin PBXGroup section */
		8CF7BF70191584F50058F100 = {
			isa = PBXGroup;
			children = (
				B0C8B9CF1915BD4F00F1C592 /* APICalls */,
				8CF7BF82191584F50058F100 /* DisruptNYC */,
				8CF7BFA4191584F50058F100 /* DisruptNYCTests */,
				8CF7BF7B191584F50058F100 /* Frameworks */,
				8CF7BF7A191584F50058F100 /* Products */,
			);
			sourceTree = "<group>";
		};
		8CF7BF7A191584F50058F100 /* Products */ = {
			isa = PBXGroup;
			children = (
				8CF7BF79191584F50058F100 /* DisruptNYC.app */,
				8CF7BF9D191584F50058F100 /* DisruptNYCTests.xctest */,
			);
			name = Products;
			sourceTree = "<group>";
		};
		8CF7BF7B191584F50058F100 /* Frameworks */ = {
			isa = PBXGroup;
			children = (
				8CF7BFD71915CBDC0058F100 /* QuartzCore.framework */,
				8CF7BFBF1915A14D0058F100 /* MapKit.framework */,
				8CF7BF7C191584F50058F100 /* Foundation.framework */,
				8CF7BF7E191584F50058F100 /* CoreGraphics.framework */,
				8CF7BF80191584F50058F100 /* UIKit.framework */,
				8CF7BF9E191584F50058F100 /* XCTest.framework */,
			);
			name = Frameworks;
			sourceTree = "<group>";
		};
		8CF7BF82191584F50058F100 /* DisruptNYC */ = {
			isa = PBXGroup;
			children = (
				8CF7BF8B191584F50058F100 /* AppDelegate.h */,
				8CF7BF8C191584F50058F100 /* AppDelegate.m */,
				8CDF4DAD1915E753008AF646 /* UIImage+animatedGIF.h */,
				8CDF4DAE1915E753008AF646 /* UIImage+animatedGIF.m */,
				8CF7BF8E191584F50058F100 /* Main.storyboard */,
				8CF7BFD51915B64A0058F100 /* Assets */,
				B073376F191588BD006FBFB9 /* Merchant */,
				8CF7BFB41915879E0058F100 /* MerchantBidCell.h */,
				8CF7BFB51915879E0058F100 /* MerchantBidCell.m */,
				8CF7BF91191584F50058F100 /* MasterViewController.h */,
				8CF7BF92191584F50058F100 /* MasterViewController.m */,
				8CF7BF94191584F50058F100 /* DetailViewController.h */,
				8CF7BF95191584F50058F100 /* DetailViewController.m */,
				8CF7BFC11915A2330058F100 /* RequestForOfferViewController.h */,
				8CF7BFC21915A2330058F100 /* RequestForOfferViewController.m */,
				8CF7BF97191584F50058F100 /* Images.xcassets */,
				8CF7BF83191584F50058F100 /* Supporting Files */,
			);
			path = DisruptNYC;
			sourceTree = "<group>";
		};
		8CF7BF83191584F50058F100 /* Supporting Files */ = {
			isa = PBXGroup;
			children = (
				8CF7BF84191584F50058F100 /* DisruptNYC-Info.plist */,
				8CF7BF85191584F50058F100 /* InfoPlist.strings */,
				8CF7BF88191584F50058F100 /* main.m */,
				8CF7BF8A191584F50058F100 /* DisruptNYC-Prefix.pch */,
			);
			name = "Supporting Files";
			sourceTree = "<group>";
		};
		8CF7BFA4191584F50058F100 /* DisruptNYCTests */ = {
			isa = PBXGroup;
			children = (
				8CF7BFAA191584F50058F100 /* DisruptNYCTests.m */,
				8CF7BFA5191584F50058F100 /* Supporting Files */,
			);
			path = DisruptNYCTests;
			sourceTree = "<group>";
		};
		8CF7BFA5191584F50058F100 /* Supporting Files */ = {
			isa = PBXGroup;
			children = (
				8CF7BFA6191584F50058F100 /* DisruptNYCTests-Info.plist */,
				8CF7BFA7191584F50058F100 /* InfoPlist.strings */,
			);
			name = "Supporting Files";
			sourceTree = "<group>";
		};
		8CF7BFD51915B64A0058F100 /* Assets */ = {
			isa = PBXGroup;
			children = (
				8CDF4DAB1915DE45008AF646 /* get-invited-button@2x.png */,
				8CF7BFF91915D7490058F100 /* american-button@2x.png */,
				8CF7BFFA1915D7490058F100 /* blue slider bar@2x.png */,
				8CF7BFFB1915D7490058F100 /* blue-doubleslider@2x.png */,
				8CF7BFFC1915D7490058F100 /* circle-radius@2x.png */,
				8CF7BFFD1915D7490058F100 /* double-slider-controller@2x.png */,
				8CF7BFFE1915D7490058F100 /* grey bar@2x.png */,
				8CF7BFFF1915D7490058F100 /* grey-cuisine-background@2x.png */,
				8CF7C0001915D7490058F100 /* greybackground-doubleslider@2x.png */,
				8CF7C0011915D7490058F100 /* japanese-button@2x.png */,
				8CF7C0021915D7490058F100 /* large-grey-bckrnd@2x.png */,
				8CF7C0031915D7490058F100 /* request-dinner-invitations-header@2x.png */,
				8CF7C0041915D7490058F100 /* seafood-button@2x.png */,
				8CF7C0051915D7490058F100 /* tooltip-image@2x.png */,
				8CF7C0061915D7490058F100 /* wine@2x.png */,
			);
			name = Assets;
			sourceTree = "<group>";
		};
		B073376F191588BD006FBFB9 /* Merchant */ = {
			isa = PBXGroup;
			children = (
				B07337A01915F976006FBFB9 /* Cell1.xib */,
				B07337A11915F976006FBFB9 /* Cell1.h */,
				B07337A21915F976006FBFB9 /* Cell1.m */,
				B07337A31915F976006FBFB9 /* MerchantView~iphone.xib */,
				B07337A41915F976006FBFB9 /* CellOwner.m */,
				B07337A51915F976006FBFB9 /* CellOwner.h */,
				B073377F191596F3006FBFB9 /* MerchantViewController.h */,
				B0733780191596F3006FBFB9 /* MerchantViewController.m */,
				B0733781191596F3006FBFB9 /* MerchantView~ipad.xib */,
				B07337761915896B006FBFB9 /* IncomingRequest.h */,
				B07337771915896B006FBFB9 /* IncomingRequest.m */,
				B073377919158E89006FBFB9 /* Meal.h */,
				B073377A19158E89006FBFB9 /* Meal.m */,
				B073377C19159242006FBFB9 /* OutgoingOffer.h */,
				B073377D19159242006FBFB9 /* OutgoingOffer.m */,
				B073378419159F87006FBFB9 /* Merchant.h */,
				B073378519159F87006FBFB9 /* Merchant.m */,
				B07337981915ECA9006FBFB9 /* MealTableViewCell.h */,
				B07337991915ECA9006FBFB9 /* MealTableViewCell.m */,
				B073379A1915ECA9006FBFB9 /* MealTableViewCell.xib */,
			);
			name = Merchant;
			sourceTree = "<group>";
		};
		B0C8B9CF1915BD4F00F1C592 /* APICalls */ = {
			isa = PBXGroup;
			children = (
				B0C8B9D01915BFF200F1C592 /* Connection.h */,
				B0C8B9D11915BFF200F1C592 /* Connection.m */,
			);
			name = APICalls;
			sourceTree = "<group>";
		};
/* End PBXGroup section */

/* Begin PBXNativeTarget section */
		8CF7BF78191584F50058F100 /* DisruptNYC */ = {
			isa = PBXNativeTarget;
			buildConfigurationList = 8CF7BFAE191584F50058F100 /* Build configuration list for PBXNativeTarget "DisruptNYC" */;
			buildPhases = (
				8CF7BF75191584F50058F100 /* Sources */,
				8CF7BF76191584F50058F100 /* Frameworks */,
				8CF7BF77191584F50058F100 /* Resources */,
			);
			buildRules = (
			);
			dependencies = (
			);
			name = DisruptNYC;
			productName = DisruptNYC;
			productReference = 8CF7BF79191584F50058F100 /* DisruptNYC.app */;
			productType = "com.apple.product-type.application";
		};
		8CF7BF9C191584F50058F100 /* DisruptNYCTests */ = {
			isa = PBXNativeTarget;
			buildConfigurationList = 8CF7BFB1191584F50058F100 /* Build configuration list for PBXNativeTarget "DisruptNYCTests" */;
			buildPhases = (
				8CF7BF99191584F50058F100 /* Sources */,
				8CF7BF9A191584F50058F100 /* Frameworks */,
				8CF7BF9B191584F50058F100 /* Resources */,
			);
			buildRules = (
			);
			dependencies = (
				8CF7BFA3191584F50058F100 /* PBXTargetDependency */,
			);
			name = DisruptNYCTests;
			productName = DisruptNYCTests;
			productReference = 8CF7BF9D191584F50058F100 /* DisruptNYCTests.xctest */;
			productType = "com.apple.product-type.bundle.unit-test";
		};
/* End PBXNativeTarget section */

/* Begin PBXProject section */
		8CF7BF71191584F50058F100 /* Project object */ = {
			isa = PBXProject;
			attributes = {
				LastUpgradeCheck = 0510;
				ORGANIZATIONNAME = Disrupt;
				TargetAttributes = {
					8CF7BF9C191584F50058F100 = {
						TestTargetID = 8CF7BF78191584F50058F100;
					};
				};
			};
			buildConfigurationList = 8CF7BF74191584F50058F100 /* Build configuration list for PBXProject "DisruptNYC" */;
			compatibilityVersion = "Xcode 3.2";
			developmentRegion = English;
			hasScannedForEncodings = 0;
			knownRegions = (
				en,
				Base,
			);
			mainGroup = 8CF7BF70191584F50058F100;
			productRefGroup = 8CF7BF7A191584F50058F100 /* Products */;
			projectDirPath = "";
			projectRoot = "";
			targets = (
				8CF7BF78191584F50058F100 /* DisruptNYC */,
				8CF7BF9C191584F50058F100 /* DisruptNYCTests */,
			);
		};
/* End PBXProject section */

/* Begin PBXResourcesBuildPhase section */
		8CF7BF77191584F50058F100 /* Resources */ = {
			isa = PBXResourcesBuildPhase;
			buildActionMask = 2147483647;
			files = (
				8CDF4DB51915FB10008AF646 /* american-button@2x.png in Resources */,
				8CDF4DB61915FB10008AF646 /* blue slider bar@2x.png in Resources */,
				8CDF4DB71915FB10008AF646 /* blue-doubleslider@2x.png in Resources */,
				8CDF4DB81915FB10008AF646 /* circle-radius@2x.png in Resources */,
				8CDF4DB91915FB10008AF646 /* double-slider-controller@2x.png in Resources */,
				8CDF4DBA1915FB10008AF646 /* grey bar@2x.png in Resources */,
				8CDF4DBB1915FB10008AF646 /* grey-cuisine-background@2x.png in Resources */,
				8CDF4DBC1915FB10008AF646 /* greybackground-doubleslider@2x.png in Resources */,
				8CDF4DBD1915FB10008AF646 /* japanese-button@2x.png in Resources */,
				8CDF4DBE1915FB10008AF646 /* large-grey-bckrnd@2x.png in Resources */,
				8CDF4DBF1915FB10008AF646 /* request-dinner-invitations-header@2x.png in Resources */,
				8CDF4DC01915FB10008AF646 /* seafood-button@2x.png in Resources */,
				8CDF4DC11915FB10008AF646 /* tooltip-image@2x.png in Resources */,
				8CDF4DC21915FB10008AF646 /* wine@2x.png in Resources */,
				8CF7BF98191584F50058F100 /* Images.xcassets in Resources */,
				B07337A61915F976006FBFB9 /* Cell1.xib in Resources */,
				8CDF4DAC1915DE45008AF646 /* get-invited-button@2x.png in Resources */,
				B07337A81915F976006FBFB9 /* MerchantView~iphone.xib in Resources */,
				8CF7BF87191584F50058F100 /* InfoPlist.strings in Resources */,
				8CF7BF90191584F50058F100 /* Main.storyboard in Resources */,
				B073379C1915ECA9006FBFB9 /* MealTableViewCell.xib in Resources */,
			);
			runOnlyForDeploymentPostprocessing = 0;
		};
		8CF7BF9B191584F50058F100 /* Resources */ = {
			isa = PBXResourcesBuildPhase;
			buildActionMask = 2147483647;
			files = (
				8CF7BFA9191584F50058F100 /* InfoPlist.strings in Resources */,
			);
			runOnlyForDeploymentPostprocessing = 0;
		};
/* End PBXResourcesBuildPhase section */

/* Begin PBXSourcesBuildPhase section */
		8CF7BF75191584F50058F100 /* Sources */ = {
			isa = PBXSourcesBuildPhase;
			buildActionMask = 2147483647;
			files = (
				8CDF4DB41915FADC008AF646 /* Connection.m in Sources */,
				B073379B1915ECA9006FBFB9 /* MealTableViewCell.m in Sources */,
				B073378B1915C6B3006FBFB9 /* MerchantViewController.m in Sources */,
				B073378C1915C6B3006FBFB9 /* IncomingRequest.m in Sources */,
				B07337891915BC0B006FBFB9 /* Meal.m in Sources */,
				B07337A91915F976006FBFB9 /* CellOwner.m in Sources */,
				B073378A1915BC0B006FBFB9 /* OutgoingOffer.m in Sources */,
				B07337881915BBEC006FBFB9 /* RequestForOfferViewController.m in Sources */,
				B07337A71915F976006FBFB9 /* Cell1.m in Sources */,
				8CDF4DB21915F232008AF646 /* IncomingRequest.m in Sources */,
				8CDF4DB31915F232008AF646 /* Meal.m in Sources */,
				8CDF4DB11915F225008AF646 /* MerchantViewController.m in Sources */,
				8CDF4DB01915F21B008AF646 /* UIImage+animatedGIF.m in Sources */,
				8CF7BFB61915879E0058F100 /* MerchantBidCell.m in Sources */,
				8CF7BF8D191584F50058F100 /* AppDelegate.m in Sources */,
				8CF7BF93191584F50058F100 /* MasterViewController.m in Sources */,
				8CF7BF89191584F50058F100 /* main.m in Sources */,
				8CF7BF96191584F50058F100 /* DetailViewController.m in Sources */,
				B073378619159F87006FBFB9 /* Merchant.m in Sources */,
			);
			runOnlyForDeploymentPostprocessing = 0;
		};
		8CF7BF99191584F50058F100 /* Sources */ = {
			isa = PBXSourcesBuildPhase;
			buildActionMask = 2147483647;
			files = (
				8CF7BFAB191584F50058F100 /* DisruptNYCTests.m in Sources */,
			);
			runOnlyForDeploymentPostprocessing = 0;
		};
/* End PBXSourcesBuildPhase section */

/* Begin PBXTargetDependency section */
		8CF7BFA3191584F50058F100 /* PBXTargetDependency */ = {
			isa = PBXTargetDependency;
			target = 8CF7BF78191584F50058F100 /* DisruptNYC */;
			targetProxy = 8CF7BFA2191584F50058F100 /* PBXContainerItemProxy */;
		};
/* End PBXTargetDependency section */

/* Begin PBXVariantGroup section */
		8CF7BF85191584F50058F100 /* InfoPlist.strings */ = {
			isa = PBXVariantGroup;
			children = (
				8CF7BF86191584F50058F100 /* en */,
			);
			name = InfoPlist.strings;
			sourceTree = "<group>";
		};
		8CF7BF8E191584F50058F100 /* Main.storyboard */ = {
			isa = PBXVariantGroup;
			children = (
				8CF7BF8F191584F50058F100 /* Base */,
			);
			name = Main.storyboard;
			sourceTree = "<group>";
		};
		8CF7BFA7191584F50058F100 /* InfoPlist.strings */ = {
			isa = PBXVariantGroup;
			children = (
				8CF7BFA8191584F50058F100 /* en */,
			);
			name = InfoPlist.strings;
			sourceTree = "<group>";
		};
/* End PBXVariantGroup section */

/* Begin XCBuildConfiguration section */
		8CF7BFAC191584F50058F100 /* Debug */ = {
			isa = XCBuildConfiguration;
			buildSettings = {
				ALWAYS_SEARCH_USER_PATHS = NO;
				CLANG_CXX_LANGUAGE_STANDARD = "gnu++0x";
				CLANG_CXX_LIBRARY = "libc++";
				CLANG_ENABLE_MODULES = YES;
				CLANG_ENABLE_OBJC_ARC = YES;
				CLANG_WARN_BOOL_CONVERSION = YES;
				CLANG_WARN_CONSTANT_CONVERSION = YES;
				CLANG_WARN_DIRECT_OBJC_ISA_USAGE = YES_ERROR;
				CLANG_WARN_EMPTY_BODY = YES;
				CLANG_WARN_ENUM_CONVERSION = YES;
				CLANG_WARN_INT_CONVERSION = YES;
				CLANG_WARN_OBJC_ROOT_CLASS = YES_ERROR;
				CLANG_WARN__DUPLICATE_METHOD_MATCH = YES;
				CODE_SIGN_IDENTITY = "iPhone Developer";
				"CODE_SIGN_IDENTITY[sdk=iphoneos*]" = "iPhone Developer";
				COPY_PHASE_STRIP = NO;
				GCC_C_LANGUAGE_STANDARD = gnu99;
				GCC_DYNAMIC_NO_PIC = NO;
				GCC_OPTIMIZATION_LEVEL = 0;
				GCC_PREPROCESSOR_DEFINITIONS = (
					"DEBUG=1",
					"$(inherited)",
				);
				GCC_SYMBOLS_PRIVATE_EXTERN = NO;
				GCC_WARN_64_TO_32_BIT_CONVERSION = YES;
				GCC_WARN_ABOUT_RETURN_TYPE = YES_ERROR;
				GCC_WARN_UNDECLARED_SELECTOR = YES;
				GCC_WARN_UNINITIALIZED_AUTOS = YES_AGGRESSIVE;
				GCC_WARN_UNUSED_FUNCTION = YES;
				GCC_WARN_UNUSED_VARIABLE = YES;
				IPHONEOS_DEPLOYMENT_TARGET = 7.0;
				ONLY_ACTIVE_ARCH = YES;
				PROVISIONING_PROFILE = "5AB78446-0278-4A9D-8DF9-21934021937E";
				SDKROOT = iphoneos;
			};
			name = Debug;
		};
		8CF7BFAD191584F50058F100 /* Release */ = {
			isa = XCBuildConfiguration;
			buildSettings = {
				ALWAYS_SEARCH_USER_PATHS = NO;
				CLANG_CXX_LANGUAGE_STANDARD = "gnu++0x";
				CLANG_CXX_LIBRARY = "libc++";
				CLANG_ENABLE_MODULES = YES;
				CLANG_ENABLE_OBJC_ARC = YES;
				CLANG_WARN_BOOL_CONVERSION = YES;
				CLANG_WARN_CONSTANT_CONVERSION = YES;
				CLANG_WARN_DIRECT_OBJC_ISA_USAGE = YES_ERROR;
				CLANG_WARN_EMPTY_BODY = YES;
				CLANG_WARN_ENUM_CONVERSION = YES;
				CLANG_WARN_INT_CONVERSION = YES;
				CLANG_WARN_OBJC_ROOT_CLASS = YES_ERROR;
				CLANG_WARN__DUPLICATE_METHOD_MATCH = YES;
				"CODE_SIGN_IDENTITY[sdk=iphoneos*]" = "iPhone Developer";
				COPY_PHASE_STRIP = YES;
				ENABLE_NS_ASSERTIONS = NO;
				GCC_C_LANGUAGE_STANDARD = gnu99;
				GCC_WARN_64_TO_32_BIT_CONVERSION = YES;
				GCC_WARN_ABOUT_RETURN_TYPE = YES_ERROR;
				GCC_WARN_UNDECLARED_SELECTOR = YES;
				GCC_WARN_UNINITIALIZED_AUTOS = YES_AGGRESSIVE;
				GCC_WARN_UNUSED_FUNCTION = YES;
				GCC_WARN_UNUSED_VARIABLE = YES;
				IPHONEOS_DEPLOYMENT_TARGET = 7.0;
				SDKROOT = iphoneos;
				VALIDATE_PRODUCT = YES;
			};
			name = Release;
		};
		8CF7BFAF191584F50058F100 /* Debug */ = {
			isa = XCBuildConfiguration;
			buildSettings = {
				ASSETCATALOG_COMPILER_APPICON_NAME = AppIcon;
				ASSETCATALOG_COMPILER_LAUNCHIMAGE_NAME = LaunchImage;
				CODE_SIGN_IDENTITY = "iPhone Developer: Emin Israfil (X2DL555UH7)";
				GCC_PRECOMPILE_PREFIX_HEADER = YES;
				GCC_PREFIX_HEADER = "DisruptNYC/DisruptNYC-Prefix.pch";
				INFOPLIST_FILE = "DisruptNYC/DisruptNYC-Info.plist";
				IPHONEOS_DEPLOYMENT_TARGET = 7.1;
				PRODUCT_NAME = "$(TARGET_NAME)";
				PROVISIONING_PROFILE = "6E82DDB5-DDFC-4E84-A458-A1CBC1DCEF63";
				TARGETED_DEVICE_FAMILY = "1,2";
				WRAPPER_EXTENSION = app;
			};
			name = Debug;
		};
		8CF7BFB0191584F50058F100 /* Release */ = {
			isa = XCBuildConfiguration;
			buildSettings = {
				ASSETCATALOG_COMPILER_APPICON_NAME = AppIcon;
				ASSETCATALOG_COMPILER_LAUNCHIMAGE_NAME = LaunchImage;
				CODE_SIGN_IDENTITY = "iPhone Developer: Emin Israfil (X2DL555UH7)";
				GCC_PRECOMPILE_PREFIX_HEADER = YES;
				GCC_PREFIX_HEADER = "DisruptNYC/DisruptNYC-Prefix.pch";
				INFOPLIST_FILE = "DisruptNYC/DisruptNYC-Info.plist";
				IPHONEOS_DEPLOYMENT_TARGET = 7.1;
				PRODUCT_NAME = "$(TARGET_NAME)";
				PROVISIONING_PROFILE = "6E82DDB5-DDFC-4E84-A458-A1CBC1DCEF63";
				TARGETED_DEVICE_FAMILY = "1,2";
				WRAPPER_EXTENSION = app;
			};
			name = Release;
		};
		8CF7BFB2191584F50058F100 /* Debug */ = {
			isa = XCBuildConfiguration;
			buildSettings = {
				BUNDLE_LOADER = "$(BUILT_PRODUCTS_DIR)/DisruptNYC.app/DisruptNYC";
				FRAMEWORK_SEARCH_PATHS = (
					"$(SDKROOT)/Developer/Library/Frameworks",
					"$(inherited)",
					"$(DEVELOPER_FRAMEWORKS_DIR)",
				);
				GCC_PRECOMPILE_PREFIX_HEADER = YES;
				GCC_PREFIX_HEADER = "DisruptNYC/DisruptNYC-Prefix.pch";
				GCC_PREPROCESSOR_DEFINITIONS = (
					"DEBUG=1",
					"$(inherited)",
				);
				INFOPLIST_FILE = "DisruptNYCTests/DisruptNYCTests-Info.plist";
				PRODUCT_NAME = "$(TARGET_NAME)";
				TEST_HOST = "$(BUNDLE_LOADER)";
				WRAPPER_EXTENSION = xctest;
			};
			name = Debug;
		};
		8CF7BFB3191584F50058F100 /* Release */ = {
			isa = XCBuildConfiguration;
			buildSettings = {
				BUNDLE_LOADER = "$(BUILT_PRODUCTS_DIR)/DisruptNYC.app/DisruptNYC";
				FRAMEWORK_SEARCH_PATHS = (
					"$(SDKROOT)/Developer/Library/Frameworks",
					"$(inherited)",
					"$(DEVELOPER_FRAMEWORKS_DIR)",
				);
				GCC_PRECOMPILE_PREFIX_HEADER = YES;
				GCC_PREFIX_HEADER = "DisruptNYC/DisruptNYC-Prefix.pch";
				INFOPLIST_FILE = "DisruptNYCTests/DisruptNYCTests-Info.plist";
				PRODUCT_NAME = "$(TARGET_NAME)";
				TEST_HOST = "$(BUNDLE_LOADER)";
				WRAPPER_EXTENSION = xctest;
			};
			name = Release;
		};
/* End XCBuildConfiguration section */

/* Begin XCConfigurationList section */
		8CF7BF74191584F50058F100 /* Build configuration list for PBXProject "DisruptNYC" */ = {
			isa = XCConfigurationList;
			buildConfigurations = (
				8CF7BFAC191584F50058F100 /* Debug */,
				8CF7BFAD191584F50058F100 /* Release */,
			);
			defaultConfigurationIsVisible = 0;
			defaultConfigurationName = Release;
		};
		8CF7BFAE191584F50058F100 /* Build configuration list for PBXNativeTarget "DisruptNYC" */ = {
			isa = XCConfigurationList;
			buildConfigurations = (
				8CF7BFAF191584F50058F100 /* Debug */,
				8CF7BFB0191584F50058F100 /* Release */,
			);
			defaultConfigurationIsVisible = 0;
			defaultConfigurationName = Release;
		};
		8CF7BFB1191584F50058F100 /* Build configuration list for PBXNativeTarget "DisruptNYCTests" */ = {
			isa = XCConfigurationList;
			buildConfigurations = (
				8CF7BFB2191584F50058F100 /* Debug */,
				8CF7BFB3191584F50058F100 /* Release */,
			);
			defaultConfigurationIsVisible = 0;
			defaultConfigurationName = Release;
		};
/* End XCConfigurationList section */
	};
	rootObject = 8CF7BF71191584F50058F100 /* Project object */;
}
